
Microsoft Visual Studio Solution File, Format Version 12.00
# Visual Studio 14
VisualStudioVersion = 14.0.25420.1
MinimumVisualStudioVersion = 10.0.40219.1
Project("{FAE04EC0-301F-11D3-BF4B-00C04F79EFBC}") = "Task2Logic", "Task2Logic\Task2Logic.csproj", "{1E6FEB88-FB3C-404F-8EED-A42A878DADF9}"
EndProject
Project("{FAE04EC0-301F-11D3-BF4B-00C04F79EFBC}") = "Task2Console", "Task2Console\Task2Console.csproj", "{975150AC-DFB5-489F-8577-D117A2290443}"
EndProject
Project("{FAE04EC0-301F-11D3-BF4B-00C04F79EFBC}") = "Task1Logic", "Task1Logic\Task1Logic.csproj", "{2CEDBE82-91AF-423B-8B04-533D9657AB75}"
EndProject
Project("{FAE04EC0-301F-11D3-BF4B-00C04F79EFBC}") = "Task1Console", "Task1Console\Task1Console.csproj", "{20BB1FD6-9B9E-4E2E-925A-14C83512CFDE}"
EndProject
Project("{FAE04EC0-301F-11D3-BF4B-00C04F79EFBC}") = "Task1Tests", "Task1Tests\Task1Tests.csproj", "{0393DACB-9FA3-4485-9F22-9A671D7B253C}"
EndProject
Global
	GlobalSection(SolutionConfigurationPlatforms) = preSolution
		Debug|Any CPU = Debug|Any CPU
		Release|Any CPU = Release|Any CPU
	EndGlobalSection
	GlobalSection(ProjectConfigurationPlatforms) = postSolution
		{1E6FEB88-FB3C-404F-8EED-A42A878DADF9}.Debug|Any CPU.ActiveCfg = Debug|Any CPU
		{1E6FEB88-FB3C-404F-8EED-A42A878DADF9}.Debug|Any CPU.Build.0 = Debug|Any CPU
		{1E6FEB88-FB3C-404F-8EED-A42A878DADF9}.Release|Any CPU.ActiveCfg = Release|Any CPU
		{1E6FEB88-FB3C-404F-8EED-A42A878DADF9}.Release|Any CPU.Build.0 = Release|Any CPU
		{975150AC-DFB5-489F-8577-D117A2290443}.Debug|Any CPU.ActiveCfg = Debug|Any CPU
		{975150AC-DFB5-489F-8577-D117A2290443}.Debug|Any CPU.Build.0 = Debug|Any CPU
		{975150AC-DFB5-489F-8577-D117A2290443}.Release|Any CPU.ActiveCfg = Release|Any CPU
		{975150AC-DFB5-489F-8577-D117A2290443}.Release|Any CPU.Build.0 = Release|Any CPU
		{2CEDBE82-91AF-423B-8B04-533D9657AB75}.Debug|Any CPU.ActiveCfg = Debug|Any CPU
		{2CEDBE82-91AF-423B-8B04-533D9657AB75}.Debug|Any CPU.Build.0 = Debug|Any CPU
		{2CEDBE82-91AF-423B-8B04-533D9657AB75}.Release|Any CPU.ActiveCfg = Release|Any CPU
		{2CEDBE82-91AF-423B-8B04-533D9657AB75}.Release|Any CPU.Build.0 = Release|Any CPU
		{20BB1FD6-9B9E-4E2E-925A-14C83512CFDE}.Debug|Any CPU.ActiveCfg = Debug|Any CPU
		{20BB1FD6-9B9E-4E2E-925A-14C83512CFDE}.Debug|Any CPU.Build.0 = Debug|Any CPU
		{20BB1FD6-9B9E-4E2E-925A-14C83512CFDE}.Release|Any CPU.ActiveCfg = Release|Any CPU
		{20BB1FD6-9B9E-4E2E-925A-14C83512CFDE}.Release|Any CPU.Build.0 = Release|Any CPU
		{0393DACB-9FA3-4485-9F22-9A671D7B253C}.Debug|Any CPU.ActiveCfg = Debug|Any CPU
		{0393DACB-9FA3-4485-9F22-9A671D7B253C}.Debug|Any CPU.Build.0 = Debug|Any CPU
		{0393DACB-9FA3-4485-9F22-9A671D7B253C}.Release|Any CPU.ActiveCfg = Release|Any CPU
		{0393DACB-9FA3-4485-9F22-9A671D7B253C}.Release|Any CPU.Build.0 = Release|Any CPU
	EndGlobalSection
	GlobalSection(SolutionProperties) = preSolution
		HideSolutionNode = FALSE
	EndGlobalSection
EndGlobal
